
Microsoft Visual Studio Solution File, Format Version 12.00
# Visual Studio Version 16
VisualStudioVersion = 25.0.1700.0
MinimumVisualStudioVersion = 10.0.40219.1
Project("{FAE04EC0-301F-11D3-BF4B-00C04F79EFBC}") = "MvcLoadDownTest", "MvcLoadDownTest\MvcLoadDownTest.csproj", "{FA9AD238-0F1F-42E9-94DD-7F072634EA17}"
EndProject
Global
	GlobalSection(SolutionConfigurationPlatforms) = preSolution
		Debug|Any CPU = Debug|Any CPU
		Release|Any CPU = Release|Any CPU
	EndGlobalSection
	GlobalSection(ProjectConfigurationPlatforms) = postSolution
		{FA9AD238-0F1F-42E9-94DD-7F072634EA17}.Debug|Any CPU.ActiveCfg = Debug|Any CPU
		{FA9AD238-0F1F-42E9-94DD-7F072634EA17}.Debug|Any CPU.Build.0 = Debug|Any CPU
		{FA9AD238-0F1F-42E9-94DD-7F072634EA17}.Release|Any CPU.ActiveCfg = Release|Any CPU
		{FA9AD238-0F1F-42E9-94DD-7F072634EA17}.Release|Any CPU.Build.0 = Release|Any CPU
	EndGlobalSection
	GlobalSection(SolutionProperties) = preSolution
		HideSolutionNode = FALSE
	EndGlobalSection
	GlobalSection(ExtensibilityGlobals) = postSolution
		SolutionGuid = {95BE6E8E-B47E-437A-8883-45BEC8EFDA94}
	EndGlobalSection
EndGlobal
